
Microsoft Visual Studio Solution File, Format Version 12.00
# Visual Studio Version 16
VisualStudioVersion = 16.0.31112.23
MinimumVisualStudioVersion = 10.0.40219.1
Project("{FAE04EC0-301F-11D3-BF4B-00C04F79EFBC}") = "online_food_delivery_(63)", "online_food_delivery_(63)\online_food_delivery_(63).csproj", "{0603D3AF-CA53-485A-B582-AF6F35170027}"
EndProject
Global
	GlobalSection(SolutionConfigurationPlatforms) = preSolution
		Debug|Any CPU = Debug|Any CPU
		Release|Any CPU = Release|Any CPU
	EndGlobalSection
	GlobalSection(ProjectConfigurationPlatforms) = postSolution
		{0603D3AF-CA53-485A-B582-AF6F35170027}.Debug|Any CPU.ActiveCfg = Debug|Any CPU
		{0603D3AF-CA53-485A-B582-AF6F35170027}.Debug|Any CPU.Build.0 = Debug|Any CPU
		{0603D3AF-CA53-485A-B582-AF6F35170027}.Release|Any CPU.ActiveCfg = Release|Any CPU
		{0603D3AF-CA53-485A-B582-AF6F35170027}.Release|Any CPU.Build.0 = Release|Any CPU
	EndGlobalSection
	GlobalSection(SolutionProperties) = preSolution
		HideSolutionNode = FALSE
	EndGlobalSection
	GlobalSection(ExtensibilityGlobals) = postSolution
		SolutionGuid = {7D462BF8-FF74-4462-96F2-608358088B44}
	EndGlobalSection
EndGlobal
